
Microsoft Visual Studio Solution File, Format Version 12.00
# Visual Studio Version 17
VisualStudioVersion = 17.13.35919.96 d17.13
MinimumVisualStudioVersion = 10.0.40219.1
Project("{FAE04EC0-301F-11D3-BF4B-00C04F79EFBC}") = "Sabeni Inventory", "Sabeni Inventory\Sabeni Inventory.csproj", "{7A472AD5-ACFD-4DFF-89CB-4472C4DB7DCE}"
EndProject
Global
	GlobalSection(SolutionConfigurationPlatforms) = preSolution
		Debug|Any CPU = Debug|Any CPU
		Release|Any CPU = Release|Any CPU
	EndGlobalSection
	GlobalSection(ProjectConfigurationPlatforms) = postSolution
		{7A472AD5-ACFD-4DFF-89CB-4472C4DB7DCE}.Debug|Any CPU.ActiveCfg = Debug|Any CPU
		{7A472AD5-ACFD-4DFF-89CB-4472C4DB7DCE}.Debug|Any CPU.Build.0 = Debug|Any CPU
		{7A472AD5-ACFD-4DFF-89CB-4472C4DB7DCE}.Release|Any CPU.ActiveCfg = Release|Any CPU
		{7A472AD5-ACFD-4DFF-89CB-4472C4DB7DCE}.Release|Any CPU.Build.0 = Release|Any CPU
	EndGlobalSection
	GlobalSection(SolutionProperties) = preSolution
		HideSolutionNode = FALSE
	EndGlobalSection
	GlobalSection(ExtensibilityGlobals) = postSolution
		SolutionGuid = {2CA3A8AD-9C7F-4D32-A1CF-EB8CF7739BEE}
	EndGlobalSection
EndGlobal
